{
  "version": 4,
  "terraform_version": "0.12.10",
  "serial": 34,
  "lineage": "64301853-096c-2f55-3834-43af2fca6c59",
  "outputs": {},
  "resources": [
    {
      "module": "module.my_vpc",
      "mode": "data",
      "type": "aws_availability_zones",
      "name": "available",
      "provider": "provider.aws",
      "instances": [
        {
          "schema_version": 0,
          "attributes": {
            "blacklisted_names": null,
            "blacklisted_zone_ids": null,
            "id": "2019-12-31 01:13:25.305999 +0000 UTC",
            "names": [
              "us-west-1b",
              "us-west-1c"
            ],
            "state": "available",
            "zone_ids": [
              "usw1-az3",
              "usw1-az1"
            ]
          }
        }
      ]
    },
    {
      "module": "module.ec2",
      "mode": "managed",
      "type": "aws_ami_copy",
      "name": "aim_linux_server",
      "provider": "provider.aws",
      "instances": [
        {
          "schema_version": 0,
          "attributes": {
            "architecture": "x86_64",
            "description": "A copy of ami-00e6fd13b76d9e976",
            "ebs_block_device": [
              {
                "delete_on_termination": true,
                "device_name": "/dev/xvda",
                "encrypted": false,
                "iops": 0,
                "snapshot_id": "snap-0a0295fbc42bd5d13",
                "volume_size": 8,
                "volume_type": "gp2"
              }
            ],
            "ena_support": true,
            "encrypted": false,
            "ephemeral_block_device": [],
            "id": "ami-01313ebc34cfdb1e9",
            "image_location": "506584261757/Clone_ami_server",
            "kernel_id": "",
            "kms_key_id": null,
            "manage_ebs_snapshots": true,
            "name": "Clone_ami_server",
            "ramdisk_id": "",
            "root_device_name": "/dev/xvda",
            "root_snapshot_id": "snap-0a0295fbc42bd5d13",
            "source_ami_id": "ami-00e6fd13b76d9e976",
            "source_ami_region": "us-east-2",
            "sriov_net_support": "simple",
            "tags": {
              "Name": "copy demo-1-site"
            },
            "timeouts": null,
            "virtualization_type": "hvm"
          },
          "private": "eyJlMmJmYjczMC1lY2FhLTExZTYtOGY4OC0zNDM2M2JjN2M0YzAiOnsiY3JlYXRlIjoyNDAwMDAwMDAwMDAwLCJkZWxldGUiOjU0MDAwMDAwMDAwMDAsInVwZGF0ZSI6MjQwMDAwMDAwMDAwMH19"
        }
      ]
    },
    {
      "module": "module.asg",
      "mode": "managed",
      "type": "aws_autoscaling_group",
      "name": "asgvpc_main",
      "provider": "provider.aws",
      "instances": [
        {
          "schema_version": 0,
          "attributes": {
            "arn": "arn:aws:autoscaling:us-west-1:506584261757:autoScalingGroup:6cc31171-2ebd-4b81-9d02-35a4d7a157bc:autoScalingGroupName/terraform-asg-example",
            "availability_zones": [
              "us-west-1b",
              "us-west-1c"
            ],
            "default_cooldown": 300,
            "desired_capacity": 2,
            "enabled_metrics": [],
            "force_delete": true,
            "health_check_grace_period": 120,
            "health_check_type": "ELB",
            "id": "terraform-asg-example",
            "initial_lifecycle_hook": [],
            "launch_configuration": "terraform-lc-example20191230233720516700000001",
            "launch_template": [],
            "load_balancers": [],
            "max_instance_lifetime": 0,
            "max_size": 3,
            "metrics_granularity": "1Minute",
            "min_elb_capacity": null,
            "min_size": 1,
            "mixed_instances_policy": [],
            "name": "terraform-asg-example",
            "name_prefix": null,
            "placement_group": "",
            "protect_from_scale_in": false,
            "service_linked_role_arn": "arn:aws:iam::506584261757:role/aws-service-role/autoscaling.amazonaws.com/AWSServiceRoleForAutoScaling",
            "suspended_processes": [],
            "tag": [
              {
                "key": "Name",
                "propagate_at_launch": true,
                "value": "my-test-asg"
              }
            ],
            "tags": null,
            "target_group_arns": [
              "arn:aws:elasticloadbalancing:us-west-1:506584261757:targetgroup/examplevpc-terraform-tg/7fbf8d5979572ddd"
            ],
            "termination_policies": [],
            "timeouts": null,
            "vpc_zone_identifier": [
              "subnet-0af7e43701d0490dc",
              "subnet-0c0db997b4f32fcf1"
            ],
            "wait_for_capacity_timeout": "10m",
            "wait_for_elb_capacity": null
          },
          "private": "eyJlMmJmYjczMC1lY2FhLTExZTYtOGY4OC0zNDM2M2JjN2M0YzAiOnsiZGVsZXRlIjo2MDAwMDAwMDAwMDB9fQ==",
          "depends_on": [
            "aws_launch_configuration.test_vpcASG"
          ]
        }
      ]
    },
    {
      "module": "module.asg",
      "mode": "managed",
      "type": "aws_autoscaling_notification",
      "name": "example_notifications",
      "provider": "provider.aws",
      "instances": [
        {
          "schema_version": 0,
          "attributes": {
            "group_names": [
              "terraform-asg-example"
            ],
            "id": "arn:aws:sns:us-west-1:506584261757:example-topic",
            "notifications": [
              "autoscaling:EC2_INSTANCE_LAUNCH",
              "autoscaling:EC2_INSTANCE_LAUNCH_ERROR",
              "autoscaling:EC2_INSTANCE_TERMINATE",
              "autoscaling:EC2_INSTANCE_TERMINATE_ERROR"
            ],
            "topic_arn": "arn:aws:sns:us-west-1:506584261757:example-topic"
          },
          "private": "bnVsbA==",
          "depends_on": [
            "aws_autoscaling_group.asgvpc_main",
            "aws_sns_topic.example"
          ]
        }
      ]
    },
    {
      "module": "module.asg",
      "mode": "managed",
      "type": "aws_autoscaling_policy",
      "name": "scale-in-policy",
      "provider": "provider.aws",
      "instances": [
        {
          "schema_version": 0,
          "attributes": {
            "adjustment_type": "ChangeInCapacity",
            "arn": "arn:aws:autoscaling:us-west-1:506584261757:scalingPolicy:be9f44f5-12c6-41ef-930a-fef3c5819e51:autoScalingGroupName/terraform-asg-example:policyName/scale-in-terraform",
            "autoscaling_group_name": "terraform-asg-example",
            "cooldown": 300,
            "estimated_instance_warmup": 0,
            "id": "scale-in-terraform",
            "metric_aggregation_type": "",
            "min_adjustment_magnitude": null,
            "min_adjustment_step": null,
            "name": "scale-in-terraform",
            "policy_type": "SimpleScaling",
            "scaling_adjustment": -1,
            "step_adjustment": [],
            "target_tracking_configuration": []
          },
          "private": "bnVsbA==",
          "depends_on": [
            "aws_autoscaling_group.asgvpc_main"
          ]
        }
      ]
    },
    {
      "module": "module.asg",
      "mode": "managed",
      "type": "aws_autoscaling_policy",
      "name": "scale-out-policy",
      "provider": "provider.aws",
      "instances": [
        {
          "schema_version": 0,
          "attributes": {
            "adjustment_type": "ChangeInCapacity",
            "arn": "arn:aws:autoscaling:us-west-1:506584261757:scalingPolicy:a177e338-9747-4845-b608-cea3109002f7:autoScalingGroupName/terraform-asg-example:policyName/scale-up-terraform",
            "autoscaling_group_name": "terraform-asg-example",
            "cooldown": 300,
            "estimated_instance_warmup": 0,
            "id": "scale-up-terraform",
            "metric_aggregation_type": "",
            "min_adjustment_magnitude": null,
            "min_adjustment_step": null,
            "name": "scale-up-terraform",
            "policy_type": "SimpleScaling",
            "scaling_adjustment": 1,
            "step_adjustment": [],
            "target_tracking_configuration": []
          },
          "private": "bnVsbA==",
          "depends_on": [
            "aws_autoscaling_group.asgvpc_main"
          ]
        }
      ]
    },
    {
      "module": "module.asg",
      "mode": "managed",
      "type": "aws_cloudwatch_metric_alarm",
      "name": "Low_test_alarm",
      "provider": "provider.aws",
      "instances": [
        {
          "schema_version": 1,
          "attributes": {
            "actions_enabled": true,
            "alarm_actions": [
              "arn:aws:autoscaling:us-west-1:506584261757:scalingPolicy:be9f44f5-12c6-41ef-930a-fef3c5819e51:autoScalingGroupName/terraform-asg-example:policyName/scale-in-terraform"
            ],
            "alarm_description": "This metric monitors ec2 cpu utilization",
            "alarm_name": "Low-test_alarm-vpcasg",
            "arn": "arn:aws:cloudwatch:us-west-1:506584261757:alarm:Low-test_alarm-vpcasg",
            "comparison_operator": "LessThanOrEqualToThreshold",
            "datapoints_to_alarm": 0,
            "dimensions": {
              "AutoScalingGroupName": "terraform-asg-example"
            },
            "evaluate_low_sample_count_percentiles": "",
            "evaluation_periods": 1,
            "extended_statistic": "",
            "id": "Low-test_alarm-vpcasg",
            "insufficient_data_actions": [],
            "metric_name": "CPUUtilization",
            "metric_query": [],
            "namespace": "AWS/EC2",
            "ok_actions": [],
            "period": 120,
            "statistic": "Average",
            "tags": {},
            "threshold": 10,
            "threshold_metric_id": "",
            "treat_missing_data": "missing",
            "unit": ""
          },
          "private": "eyJzY2hlbWFfdmVyc2lvbiI6IjEifQ==",
          "depends_on": [
            "aws_autoscaling_group.asgvpc_main",
            "aws_autoscaling_policy.scale-in-policy"
          ]
        }
      ]
    },
    {
      "module": "module.asg",
      "mode": "managed",
      "type": "aws_cloudwatch_metric_alarm",
      "name": "high_test_alarm_",
      "provider": "provider.aws",
      "instances": [
        {
          "schema_version": 1,
          "attributes": {
            "actions_enabled": true,
            "alarm_actions": [
              "arn:aws:autoscaling:us-west-1:506584261757:scalingPolicy:a177e338-9747-4845-b608-cea3109002f7:autoScalingGroupName/terraform-asg-example:policyName/scale-up-terraform"
            ],
            "alarm_description": "This metric monitors ec2 High cpu utilization",
            "alarm_name": "High-test_alarm-vpcasg",
            "arn": "arn:aws:cloudwatch:us-west-1:506584261757:alarm:High-test_alarm-vpcasg",
            "comparison_operator": "GreaterThanOrEqualToThreshold",
            "datapoints_to_alarm": 0,
            "dimensions": {
              "AutoScalingGroupName": "terraform-asg-example"
            },
            "evaluate_low_sample_count_percentiles": "",
            "evaluation_periods": 1,
            "extended_statistic": "",
            "id": "High-test_alarm-vpcasg",
            "insufficient_data_actions": [],
            "metric_name": "CPUUtilization",
            "metric_query": [],
            "namespace": "AWS/EC2",
            "ok_actions": [],
            "period": 120,
            "statistic": "Average",
            "tags": {},
            "threshold": 30,
            "threshold_metric_id": "",
            "treat_missing_data": "missing",
            "unit": ""
          },
          "private": "eyJzY2hlbWFfdmVyc2lvbiI6IjEifQ==",
          "depends_on": [
            "aws_autoscaling_group.asgvpc_main",
            "aws_autoscaling_policy.scale-out-policy"
          ]
        }
      ]
    },
    {
      "module": "module.my_vpc",
      "mode": "managed",
      "type": "aws_internet_gateway",
      "name": "internet_gateway",
      "provider": "provider.aws",
      "instances": [
        {
          "schema_version": 0,
          "attributes": {
            "id": "igw-0705453dfac918e5a",
            "owner_id": "506584261757",
            "tags": {
              "Name": "example_igw"
            },
            "vpc_id": "vpc-0ffbb992db9aaba17"
          },
          "private": "bnVsbA==",
          "depends_on": [
            "aws_vpc.main"
          ]
        }
      ]
    },
    {
      "module": "module.asg",
      "mode": "managed",
      "type": "aws_key_pair",
      "name": "mytest-key",
      "provider": "provider.aws",
      "instances": [
        {
          "schema_version": 1,
          "attributes": {
            "fingerprint": "ef:bf:2a:eb:5d:be:f7:e3:b6:45:b5:c3:6c:c3:b3:3d",
            "id": "asg_key",
            "key_name": "asg_key",
            "key_name_prefix": null,
            "public_key": "ssh-rsa AAAAB3NzaC1yc2EAAAADAQABAAABgQCwRCV6VX6Szysjdg7T4Scbh3xymSrsEvgaqm1ufdZ6tyJ5o1ESFH3hDP8AXzv7NHAD3n8vIZUa6s/gdsRLsIp8fxEGIA480Gvo0Xa8B2T7WVa1vQOe4LSnBe1dTZ1JDisgJfXbHlWVaIFJZ+sN+19EXv01mDm0Evx0uyqZCTXAivWdxKxoxV7L8eKLVeWSsNUtFAssLR8rAgX3OVyP2cWWN7kunlfVF/ZKQkfIOLAwDoDclXg07LnGF/2dkpbOisCK2qqFqYJXbCbQkX4pn66xwQwGEf3wTSjcqqPlKNKgZRJr71x6v+cE8VDGvA7M4HZD0P5G0nQK9pV3KOaKD0SZ6+YbB9IHE5E8NfsFsd/mYKKW+Qyfw/QAmUSPxsD6jmrNvEwHW2m5IE1dqweeRl0MLXlMN0mPQhTXJWi29LikjdUZ3SqE8rQ+/BKsgfU/xMb8HMzN+ZaPXFuLaDZfjHToojGDl3g+L2RydMDWapnOZo2voGN/HN0o27bfsm0WNc8= Administrator@Srikanth"
          },
          "private": "eyJzY2hlbWFfdmVyc2lvbiI6IjEifQ=="
        }
      ]
    },
    {
      "module": "module.asg",
      "mode": "managed",
      "type": "aws_launch_configuration",
      "name": "test_vpcASG",
      "provider": "provider.aws",
      "instances": [
        {
          "schema_version": 0,
          "attributes": {
            "associate_public_ip_address": false,
            "ebs_block_device": [],
            "ebs_optimized": false,
            "enable_monitoring": true,
            "ephemeral_block_device": [],
            "iam_instance_profile": "",
            "id": "terraform-lc-example20191230233720516700000001",
            "image_id": "ami-01313ebc34cfdb1e9",
            "instance_type": "t2.micro",
            "key_name": "asg_key",
            "name": "terraform-lc-example20191230233720516700000001",
            "name_prefix": "terraform-lc-example",
            "placement_tenancy": null,
            "root_block_device": [],
            "security_groups": [
              "sg-00e19c7220ab1432f"
            ],
            "spot_price": "",
            "user_data": null,
            "user_data_base64": null,
            "vpc_classic_link_id": "",
            "vpc_classic_link_security_groups": []
          },
          "private": "bnVsbA==",
          "depends_on": [
            "aws_key_pair.mytest-key"
          ]
        }
      ]
    },
    {
      "module": "module.alb",
      "mode": "managed",
      "type": "aws_lb",
      "name": "my_alb_vpctest",
      "provider": "provider.aws",
      "instances": [
        {
          "schema_version": 0,
          "attributes": {
            "access_logs": [
              {
                "bucket": "",
                "enabled": false,
                "prefix": ""
              }
            ],
            "arn": "arn:aws:elasticloadbalancing:us-west-1:506584261757:loadbalancer/app/test-alb-tf/b1f106d78ce6e27c",
            "arn_suffix": "app/test-alb-tf/b1f106d78ce6e27c",
            "dns_name": "test-alb-tf-836936557.us-west-1.elb.amazonaws.com",
            "enable_cross_zone_load_balancing": null,
            "enable_deletion_protection": false,
            "enable_http2": true,
            "id": "arn:aws:elasticloadbalancing:us-west-1:506584261757:loadbalancer/app/test-alb-tf/b1f106d78ce6e27c",
            "idle_timeout": 60,
            "internal": false,
            "ip_address_type": "ipv4",
            "load_balancer_type": "application",
            "name": "test-alb-tf",
            "name_prefix": null,
            "security_groups": [
              "sg-00f41a33ca453bf10"
            ],
            "subnet_mapping": [
              {
                "allocation_id": "",
                "subnet_id": "subnet-0af7e43701d0490dc"
              },
              {
                "allocation_id": "",
                "subnet_id": "subnet-0c0db997b4f32fcf1"
              }
            ],
            "subnets": [
              "subnet-0af7e43701d0490dc",
              "subnet-0c0db997b4f32fcf1"
            ],
            "tags": {
              "Environment": "production",
              "name": "my_albvpc"
            },
            "timeouts": null,
            "vpc_id": "vpc-0ffbb992db9aaba17",
            "zone_id": "Z368ELLRRE2KJ0"
          },
          "private": "eyJlMmJmYjczMC1lY2FhLTExZTYtOGY4OC0zNDM2M2JjN2M0YzAiOnsiY3JlYXRlIjo2MDAwMDAwMDAwMDAsImRlbGV0ZSI6NjAwMDAwMDAwMDAwLCJ1cGRhdGUiOjYwMDAwMDAwMDAwMH19",
          "depends_on": [
            "aws_security_group.my_albvpc_sg"
          ]
        }
      ]
    },
    {
      "module": "module.alb",
      "mode": "managed",
      "type": "aws_lb_listener",
      "name": "my_albvpc_listner",
      "provider": "provider.aws",
      "instances": [
        {
          "schema_version": 0,
          "attributes": {
            "arn": "arn:aws:elasticloadbalancing:us-west-1:506584261757:listener/app/test-alb-tf/b1f106d78ce6e27c/5ffdf220c65dfb7a",
            "certificate_arn": null,
            "default_action": [
              {
                "authenticate_cognito": [],
                "authenticate_oidc": [],
                "fixed_response": [],
                "order": 1,
                "redirect": [],
                "target_group_arn": "arn:aws:elasticloadbalancing:us-west-1:506584261757:targetgroup/examplevpc-terraform-tg/7fbf8d5979572ddd",
                "type": "forward"
              }
            ],
            "id": "arn:aws:elasticloadbalancing:us-west-1:506584261757:listener/app/test-alb-tf/b1f106d78ce6e27c/5ffdf220c65dfb7a",
            "load_balancer_arn": "arn:aws:elasticloadbalancing:us-west-1:506584261757:loadbalancer/app/test-alb-tf/b1f106d78ce6e27c",
            "port": 80,
            "protocol": "HTTP",
            "ssl_policy": "",
            "timeouts": null
          },
          "private": "eyJlMmJmYjczMC1lY2FhLTExZTYtOGY4OC0zNDM2M2JjN2M0YzAiOnsicmVhZCI6NjAwMDAwMDAwMDAwfX0=",
          "depends_on": [
            "aws_lb.my_alb_vpctest",
            "aws_lb_target_group.my-target-group"
          ]
        }
      ]
    },
    {
      "module": "module.alb",
      "mode": "managed",
      "type": "aws_lb_target_group",
      "name": "my-target-group",
      "provider": "provider.aws",
      "instances": [
        {
          "schema_version": 0,
          "attributes": {
            "arn": "arn:aws:elasticloadbalancing:us-west-1:506584261757:targetgroup/examplevpc-terraform-tg/7fbf8d5979572ddd",
            "arn_suffix": "targetgroup/examplevpc-terraform-tg/7fbf8d5979572ddd",
            "deregistration_delay": 300,
            "health_check": [
              {
                "enabled": true,
                "healthy_threshold": 5,
                "interval": 10,
                "matcher": "200",
                "path": "/",
                "port": "traffic-port",
                "protocol": "HTTP",
                "timeout": 5,
                "unhealthy_threshold": 2
              }
            ],
            "id": "arn:aws:elasticloadbalancing:us-west-1:506584261757:targetgroup/examplevpc-terraform-tg/7fbf8d5979572ddd",
            "lambda_multi_value_headers_enabled": false,
            "name": "examplevpc-terraform-tg",
            "name_prefix": null,
            "port": 80,
            "protocol": "HTTP",
            "proxy_protocol_v2": false,
            "slow_start": 0,
            "stickiness": [
              {
                "cookie_duration": 86400,
                "enabled": false,
                "type": "lb_cookie"
              }
            ],
            "tags": {},
            "target_type": "instance",
            "vpc_id": "vpc-0ffbb992db9aaba17"
          },
          "private": "bnVsbA=="
        }
      ]
    },
    {
      "module": "module.my_vpc",
      "mode": "managed",
      "type": "aws_route_table",
      "name": "rt",
      "provider": "provider.aws",
      "instances": [
        {
          "schema_version": 0,
          "attributes": {
            "id": "rtb-06ef76631a58b84f7",
            "owner_id": "506584261757",
            "propagating_vgws": [],
            "route": [
              {
                "cidr_block": "10.0.0.0/0",
                "egress_only_gateway_id": "",
                "gateway_id": "igw-0705453dfac918e5a",
                "instance_id": "",
                "ipv6_cidr_block": "",
                "nat_gateway_id": "",
                "network_interface_id": "",
                "transit_gateway_id": "",
                "vpc_peering_connection_id": ""
              }
            ],
            "tags": {
              "Name": "public_route_Table"
            },
            "vpc_id": "vpc-0ffbb992db9aaba17"
          },
          "private": "bnVsbA==",
          "depends_on": [
            "aws_internet_gateway.internet_gateway",
            "aws_vpc.main"
          ]
        }
      ]
    },
    {
      "module": "module.my_vpc",
      "mode": "managed",
      "type": "aws_route_table_association",
      "name": "public1_subnet_association",
      "provider": "provider.aws",
      "instances": [
        {
          "schema_version": 0,
          "attributes": {
            "gateway_id": null,
            "id": "rtbassoc-03ceaf60d383bf7c5",
            "route_table_id": "rtb-06ef76631a58b84f7",
            "subnet_id": "subnet-0af7e43701d0490dc"
          },
          "private": "bnVsbA==",
          "depends_on": [
            "aws_route_table.rt",
            "aws_subnet.public1"
          ]
        }
      ]
    },
    {
      "module": "module.my_vpc",
      "mode": "managed",
      "type": "aws_route_table_association",
      "name": "public2_subnet_association",
      "provider": "provider.aws",
      "instances": [
        {
          "schema_version": 0,
          "attributes": {
            "gateway_id": null,
            "id": "rtbassoc-025de5e2611b6c668",
            "route_table_id": "rtb-06ef76631a58b84f7",
            "subnet_id": "subnet-0c0db997b4f32fcf1"
          },
          "private": "bnVsbA==",
          "depends_on": [
            "aws_route_table.rt",
            "aws_subnet.public2"
          ]
        }
      ]
    },
    {
      "module": "module.my_vpc",
      "mode": "managed",
      "type": "aws_security_group",
      "name": "example-test-sg",
      "provider": "provider.aws",
      "instances": [
        {
          "schema_version": 1,
          "attributes": {
            "arn": "arn:aws:ec2:us-west-1:506584261757:security-group/sg-00e19c7220ab1432f",
            "description": "Managed by Terraform",
            "egress": [
              {
                "cidr_blocks": [
                  "0.0.0.0/0"
                ],
                "description": "",
                "from_port": 0,
                "ipv6_cidr_blocks": [],
                "prefix_list_ids": [],
                "protocol": "-1",
                "security_groups": [],
                "self": false,
                "to_port": 0
              }
            ],
            "id": "sg-00e19c7220ab1432f",
            "ingress": [
              {
                "cidr_blocks": [
                  "0.0.0.0/0"
                ],
                "description": "",
                "from_port": 22,
                "ipv6_cidr_blocks": [],
                "prefix_list_ids": [],
                "protocol": "tcp",
                "security_groups": [],
                "self": false,
                "to_port": 22
              },
              {
                "cidr_blocks": [
                  "0.0.0.0/0"
                ],
                "description": "",
                "from_port": 80,
                "ipv6_cidr_blocks": [],
                "prefix_list_ids": [],
                "protocol": "tcp",
                "security_groups": [],
                "self": false,
                "to_port": 80
              }
            ],
            "name": "new_example_testsg",
            "name_prefix": null,
            "owner_id": "506584261757",
            "revoke_rules_on_delete": false,
            "tags": {
              "Name": "example_vpc_sg"
            },
            "timeouts": null,
            "vpc_id": "vpc-0ffbb992db9aaba17"
          },
          "private": "eyJlMmJmYjczMC1lY2FhLTExZTYtOGY4OC0zNDM2M2JjN2M0YzAiOnsiY3JlYXRlIjo2MDAwMDAwMDAwMDAsImRlbGV0ZSI6NjAwMDAwMDAwMDAwfSwic2NoZW1hX3ZlcnNpb24iOiIxIn0=",
          "depends_on": [
            "aws_vpc.main"
          ]
        }
      ]
    },
    {
      "module": "module.alb",
      "mode": "managed",
      "type": "aws_security_group",
      "name": "my_albvpc_sg",
      "provider": "provider.aws",
      "instances": [
        {
          "schema_version": 1,
          "attributes": {
            "arn": "arn:aws:ec2:us-west-1:506584261757:security-group/sg-00f41a33ca453bf10",
            "description": "Managed by Terraform",
            "egress": [
              {
                "cidr_blocks": [
                  "0.0.0.0/0"
                ],
                "description": "",
                "from_port": 0,
                "ipv6_cidr_blocks": [],
                "prefix_list_ids": [],
                "protocol": "-1",
                "security_groups": [],
                "self": false,
                "to_port": 0
              }
            ],
            "id": "sg-00f41a33ca453bf10",
            "ingress": [
              {
                "cidr_blocks": [
                  "0.0.0.0/0"
                ],
                "description": "",
                "from_port": 80,
                "ipv6_cidr_blocks": [],
                "prefix_list_ids": [],
                "protocol": "tcp",
                "security_groups": [],
                "self": false,
                "to_port": 80
              }
            ],
            "name": "alb-sG",
            "name_prefix": null,
            "owner_id": "506584261757",
            "revoke_rules_on_delete": false,
            "tags": {},
            "timeouts": null,
            "vpc_id": "vpc-0ffbb992db9aaba17"
          },
          "private": "eyJlMmJmYjczMC1lY2FhLTExZTYtOGY4OC0zNDM2M2JjN2M0YzAiOnsiY3JlYXRlIjo2MDAwMDAwMDAwMDAsImRlbGV0ZSI6NjAwMDAwMDAwMDAwfSwic2NoZW1hX3ZlcnNpb24iOiIxIn0="
        }
      ]
    },
    {
      "module": "module.my_vpc",
      "mode": "managed",
      "type": "aws_security_group_rule",
      "name": "all_outbound_access",
      "provider": "provider.aws",
      "instances": [
        {
          "schema_version": 2,
          "attributes": {
            "cidr_blocks": [
              "0.0.0.0/0"
            ],
            "description": "",
            "from_port": 0,
            "id": "sgrule-1744665483",
            "ipv6_cidr_blocks": [],
            "prefix_list_ids": [],
            "protocol": "-1",
            "security_group_id": "sg-00e19c7220ab1432f",
            "self": false,
            "source_security_group_id": null,
            "to_port": 0,
            "type": "egress"
          },
          "private": "eyJzY2hlbWFfdmVyc2lvbiI6IjIifQ==",
          "depends_on": [
            "aws_security_group.example-test-sg"
          ]
        }
      ]
    },
    {
      "module": "module.my_vpc",
      "mode": "managed",
      "type": "aws_security_group_rule",
      "name": "http_inbound_acccess",
      "provider": "provider.aws",
      "instances": [
        {
          "schema_version": 2,
          "attributes": {
            "cidr_blocks": [
              "0.0.0.0/0"
            ],
            "description": "",
            "from_port": 80,
            "id": "sgrule-2581854460",
            "ipv6_cidr_blocks": [],
            "prefix_list_ids": [],
            "protocol": "tcp",
            "security_group_id": "sg-00e19c7220ab1432f",
            "self": false,
            "source_security_group_id": null,
            "to_port": 80,
            "type": "ingress"
          },
          "private": "eyJzY2hlbWFfdmVyc2lvbiI6IjIifQ==",
          "depends_on": [
            "aws_security_group.example-test-sg"
          ]
        }
      ]
    },
    {
      "module": "module.alb",
      "mode": "managed",
      "type": "aws_security_group_rule",
      "name": "inbound_http",
      "provider": "provider.aws",
      "instances": [
        {
          "schema_version": 2,
          "attributes": {
            "cidr_blocks": [
              "0.0.0.0/0"
            ],
            "description": "",
            "from_port": 80,
            "id": "sgrule-4093497707",
            "ipv6_cidr_blocks": [],
            "prefix_list_ids": [],
            "protocol": "tcp",
            "security_group_id": "sg-00f41a33ca453bf10",
            "self": false,
            "source_security_group_id": null,
            "to_port": 80,
            "type": "ingress"
          },
          "private": "eyJzY2hlbWFfdmVyc2lvbiI6IjIifQ==",
          "depends_on": [
            "aws_security_group.my_albvpc_sg"
          ]
        }
      ]
    },
    {
      "module": "module.alb",
      "mode": "managed",
      "type": "aws_security_group_rule",
      "name": "outbound_all",
      "provider": "provider.aws",
      "instances": [
        {
          "schema_version": 2,
          "attributes": {
            "cidr_blocks": [
              "0.0.0.0/0"
            ],
            "description": "",
            "from_port": 0,
            "id": "sgrule-2048093676",
            "ipv6_cidr_blocks": [],
            "prefix_list_ids": [],
            "protocol": "-1",
            "security_group_id": "sg-00f41a33ca453bf10",
            "self": false,
            "source_security_group_id": null,
            "to_port": 0,
            "type": "egress"
          },
          "private": "eyJzY2hlbWFfdmVyc2lvbiI6IjIifQ==",
          "depends_on": [
            "aws_security_group.my_albvpc_sg"
          ]
        }
      ]
    },
    {
      "module": "module.my_vpc",
      "mode": "managed",
      "type": "aws_security_group_rule",
      "name": "ssh_inbound_acccess",
      "provider": "provider.aws",
      "instances": [
        {
          "schema_version": 2,
          "attributes": {
            "cidr_blocks": [
              "0.0.0.0/0"
            ],
            "description": "",
            "from_port": 22,
            "id": "sgrule-795452745",
            "ipv6_cidr_blocks": [],
            "prefix_list_ids": [],
            "protocol": "tcp",
            "security_group_id": "sg-00e19c7220ab1432f",
            "self": false,
            "source_security_group_id": null,
            "to_port": 22,
            "type": "ingress"
          },
          "private": "eyJzY2hlbWFfdmVyc2lvbiI6IjIifQ==",
          "depends_on": [
            "aws_security_group.example-test-sg"
          ]
        }
      ]
    },
    {
      "module": "module.asg",
      "mode": "managed",
      "type": "aws_sns_topic",
      "name": "example",
      "provider": "provider.aws",
      "instances": [
        {
          "schema_version": 0,
          "attributes": {
            "application_failure_feedback_role_arn": "",
            "application_success_feedback_role_arn": "",
            "application_success_feedback_sample_rate": 0,
            "arn": "arn:aws:sns:us-west-1:506584261757:example-topic",
            "delivery_policy": "",
            "display_name": "example ASG_SNS topic",
            "http_failure_feedback_role_arn": "",
            "http_success_feedback_role_arn": "",
            "http_success_feedback_sample_rate": 0,
            "id": "arn:aws:sns:us-west-1:506584261757:example-topic",
            "kms_master_key_id": "",
            "lambda_failure_feedback_role_arn": "",
            "lambda_success_feedback_role_arn": "",
            "lambda_success_feedback_sample_rate": 0,
            "name": "example-topic",
            "name_prefix": null,
            "policy": "{\"Version\":\"2008-10-17\",\"Id\":\"__default_policy_ID\",\"Statement\":[{\"Sid\":\"__default_statement_ID\",\"Effect\":\"Allow\",\"Principal\":{\"AWS\":\"*\"},\"Action\":[\"SNS:GetTopicAttributes\",\"SNS:SetTopicAttributes\",\"SNS:AddPermission\",\"SNS:RemovePermission\",\"SNS:DeleteTopic\",\"SNS:Subscribe\",\"SNS:ListSubscriptionsByTopic\",\"SNS:Publish\",\"SNS:Receive\"],\"Resource\":\"arn:aws:sns:us-west-1:506584261757:example-topic\",\"Condition\":{\"StringEquals\":{\"AWS:SourceOwner\":\"506584261757\"}}}]}",
            "sqs_failure_feedback_role_arn": "",
            "sqs_success_feedback_role_arn": "",
            "sqs_success_feedback_sample_rate": 0,
            "tags": {}
          },
          "private": "bnVsbA=="
        }
      ]
    },
    {
      "module": "module.my_vpc",
      "mode": "managed",
      "type": "aws_subnet",
      "name": "public1",
      "provider": "provider.aws",
      "instances": [
        {
          "schema_version": 1,
          "attributes": {
            "arn": "arn:aws:ec2:us-west-1:506584261757:subnet/subnet-0af7e43701d0490dc",
            "assign_ipv6_address_on_creation": false,
            "availability_zone": "us-west-1b",
            "availability_zone_id": "usw1-az3",
            "cidr_block": "10.0.1.0/24",
            "id": "subnet-0af7e43701d0490dc",
            "ipv6_cidr_block": "",
            "ipv6_cidr_block_association_id": "",
            "map_public_ip_on_launch": true,
            "owner_id": "506584261757",
            "tags": {
              "Name": "public1_subnet_example"
            },
            "timeouts": null,
            "vpc_id": "vpc-0ffbb992db9aaba17"
          },
          "private": "eyJlMmJmYjczMC1lY2FhLTExZTYtOGY4OC0zNDM2M2JjN2M0YzAiOnsiY3JlYXRlIjo2MDAwMDAwMDAwMDAsImRlbGV0ZSI6MTIwMDAwMDAwMDAwMH0sInNjaGVtYV92ZXJzaW9uIjoiMSJ9",
          "depends_on": [
            "aws_vpc.main",
            "data.aws_availability_zones.available"
          ]
        }
      ]
    },
    {
      "module": "module.my_vpc",
      "mode": "managed",
      "type": "aws_subnet",
      "name": "public2",
      "provider": "provider.aws",
      "instances": [
        {
          "schema_version": 1,
          "attributes": {
            "arn": "arn:aws:ec2:us-west-1:506584261757:subnet/subnet-0c0db997b4f32fcf1",
            "assign_ipv6_address_on_creation": false,
            "availability_zone": "us-west-1c",
            "availability_zone_id": "usw1-az1",
            "cidr_block": "10.0.2.0/24",
            "id": "subnet-0c0db997b4f32fcf1",
            "ipv6_cidr_block": "",
            "ipv6_cidr_block_association_id": "",
            "map_public_ip_on_launch": true,
            "owner_id": "506584261757",
            "tags": {
              "Name": "public2_subnet_example"
            },
            "timeouts": null,
            "vpc_id": "vpc-0ffbb992db9aaba17"
          },
          "private": "eyJlMmJmYjczMC1lY2FhLTExZTYtOGY4OC0zNDM2M2JjN2M0YzAiOnsiY3JlYXRlIjo2MDAwMDAwMDAwMDAsImRlbGV0ZSI6MTIwMDAwMDAwMDAwMH0sInNjaGVtYV92ZXJzaW9uIjoiMSJ9",
          "depends_on": [
            "aws_vpc.main",
            "data.aws_availability_zones.available"
          ]
        }
      ]
    },
    {
      "module": "module.my_vpc",
      "mode": "managed",
      "type": "aws_vpc",
      "name": "main",
      "provider": "provider.aws",
      "instances": [
        {
          "schema_version": 1,
          "attributes": {
            "arn": "arn:aws:ec2:us-west-1:506584261757:vpc/vpc-0ffbb992db9aaba17",
            "assign_generated_ipv6_cidr_block": false,
            "cidr_block": "10.0.0.0/16",
            "default_network_acl_id": "acl-0a17624c83da5599d",
            "default_route_table_id": "rtb-0ee8c89d297af3e7a",
            "default_security_group_id": "sg-0a832926865f97f84",
            "dhcp_options_id": "dopt-a42b01c3",
            "enable_classiclink": false,
            "enable_classiclink_dns_support": false,
            "enable_dns_hostnames": true,
            "enable_dns_support": true,
            "id": "vpc-0ffbb992db9aaba17",
            "instance_tenancy": "default",
            "ipv6_association_id": "",
            "ipv6_cidr_block": "",
            "main_route_table_id": "rtb-0ee8c89d297af3e7a",
            "owner_id": "506584261757",
            "tags": {
              "Name": "example-vpc"
            }
          },
          "private": "eyJzY2hlbWFfdmVyc2lvbiI6IjEifQ=="
        }
      ]
    }
  ]
}
