{
  "version": 4,
  "terraform_version": "0.12.10",
  "serial": 58,
  "lineage": "64301853-096c-2f55-3834-43af2fca6c59",
  "outputs": {},
  "resources": [
    {
      "module": "module.ec2",
      "mode": "managed",
      "type": "aws_ami_copy",
      "name": "aim_linux_server",
      "provider": "provider.aws",
      "instances": [
        {
          "schema_version": 0,
          "attributes": {
            "architecture": "x86_64",
            "description": "A copy of ami-00e6fd13b76d9e976",
            "ebs_block_device": [
              {
                "delete_on_termination": true,
                "device_name": "/dev/xvda",
                "encrypted": false,
                "iops": 0,
                "snapshot_id": "snap-0a0295fbc42bd5d13",
                "volume_size": 8,
                "volume_type": "gp2"
              }
            ],
            "ena_support": true,
            "encrypted": false,
            "ephemeral_block_device": [],
            "id": "ami-01313ebc34cfdb1e9",
            "image_location": "506584261757/Clone_ami_server",
            "kernel_id": "",
            "kms_key_id": null,
            "manage_ebs_snapshots": true,
            "name": "Clone_ami_server",
            "ramdisk_id": "",
            "root_device_name": "/dev/xvda",
            "root_snapshot_id": "snap-0a0295fbc42bd5d13",
            "source_ami_id": "ami-00e6fd13b76d9e976",
            "source_ami_region": "us-east-2",
            "sriov_net_support": "simple",
            "tags": {
              "Name": "copy demo-1-site"
            },
            "timeouts": null,
            "virtualization_type": "hvm"
          },
          "private": "eyJlMmJmYjczMC1lY2FhLTExZTYtOGY4OC0zNDM2M2JjN2M0YzAiOnsiY3JlYXRlIjoyNDAwMDAwMDAwMDAwLCJkZWxldGUiOjU0MDAwMDAwMDAwMDAsInVwZGF0ZSI6MjQwMDAwMDAwMDAwMH19"
        }
      ]
    },
    {
      "module": "module.asg",
      "mode": "managed",
      "type": "aws_key_pair",
      "name": "mytest-key",
      "provider": "provider.aws",
      "instances": [
        {
          "schema_version": 1,
          "attributes": {
            "fingerprint": "ef:bf:2a:eb:5d:be:f7:e3:b6:45:b5:c3:6c:c3:b3:3d",
            "id": "asg_key",
            "key_name": "asg_key",
            "key_name_prefix": null,
            "public_key": "ssh-rsa AAAAB3NzaC1yc2EAAAADAQABAAABgQCwRCV6VX6Szysjdg7T4Scbh3xymSrsEvgaqm1ufdZ6tyJ5o1ESFH3hDP8AXzv7NHAD3n8vIZUa6s/gdsRLsIp8fxEGIA480Gvo0Xa8B2T7WVa1vQOe4LSnBe1dTZ1JDisgJfXbHlWVaIFJZ+sN+19EXv01mDm0Evx0uyqZCTXAivWdxKxoxV7L8eKLVeWSsNUtFAssLR8rAgX3OVyP2cWWN7kunlfVF/ZKQkfIOLAwDoDclXg07LnGF/2dkpbOisCK2qqFqYJXbCbQkX4pn66xwQwGEf3wTSjcqqPlKNKgZRJr71x6v+cE8VDGvA7M4HZD0P5G0nQK9pV3KOaKD0SZ6+YbB9IHE5E8NfsFsd/mYKKW+Qyfw/QAmUSPxsD6jmrNvEwHW2m5IE1dqweeRl0MLXlMN0mPQhTXJWi29LikjdUZ3SqE8rQ+/BKsgfU/xMb8HMzN+ZaPXFuLaDZfjHToojGDl3g+L2RydMDWapnOZo2voGN/HN0o27bfsm0WNc8= Administrator@Srikanth"
          },
          "private": "eyJzY2hlbWFfdmVyc2lvbiI6IjEifQ=="
        }
      ]
    },
    {
      "module": "module.asg",
      "mode": "managed",
      "type": "aws_launch_configuration",
      "name": "test_vpcASG",
      "provider": "provider.aws",
      "instances": [
        {
          "schema_version": 0,
          "attributes": {
            "associate_public_ip_address": false,
            "ebs_block_device": [],
            "ebs_optimized": false,
            "enable_monitoring": true,
            "ephemeral_block_device": [],
            "iam_instance_profile": "",
            "id": "terraform-lc-example20191230233720516700000001",
            "image_id": "ami-01313ebc34cfdb1e9",
            "instance_type": "t2.micro",
            "key_name": "asg_key",
            "name": "terraform-lc-example20191230233720516700000001",
            "name_prefix": "terraform-lc-example",
            "placement_tenancy": null,
            "root_block_device": [],
            "security_groups": [
              "sg-00e19c7220ab1432f"
            ],
            "spot_price": "",
            "user_data": null,
            "user_data_base64": null,
            "vpc_classic_link_id": "",
            "vpc_classic_link_security_groups": []
          }
        }
      ]
    },
    {
      "module": "module.my_vpc",
      "mode": "managed",
      "type": "aws_security_group",
      "name": "example-test-sg",
      "provider": "provider.aws",
      "instances": [
        {
          "schema_version": 1,
          "attributes": {
            "arn": "arn:aws:ec2:us-west-1:506584261757:security-group/sg-00e19c7220ab1432f",
            "description": "Managed by Terraform",
            "egress": [
              {
                "cidr_blocks": [
                  "0.0.0.0/0"
                ],
                "description": "",
                "from_port": 0,
                "ipv6_cidr_blocks": [],
                "prefix_list_ids": [],
                "protocol": "-1",
                "security_groups": [],
                "self": false,
                "to_port": 0
              }
            ],
            "id": "sg-00e19c7220ab1432f",
            "ingress": [
              {
                "cidr_blocks": [
                  "0.0.0.0/0"
                ],
                "description": "",
                "from_port": 22,
                "ipv6_cidr_blocks": [],
                "prefix_list_ids": [],
                "protocol": "tcp",
                "security_groups": [],
                "self": false,
                "to_port": 22
              },
              {
                "cidr_blocks": [
                  "0.0.0.0/0"
                ],
                "description": "",
                "from_port": 80,
                "ipv6_cidr_blocks": [],
                "prefix_list_ids": [],
                "protocol": "tcp",
                "security_groups": [],
                "self": false,
                "to_port": 80
              }
            ],
            "name": "new_example_testsg",
            "name_prefix": null,
            "owner_id": "506584261757",
            "revoke_rules_on_delete": false,
            "tags": {
              "Name": "example_vpc_sg"
            },
            "timeouts": null,
            "vpc_id": "vpc-0ffbb992db9aaba17"
          },
          "private": "eyJlMmJmYjczMC1lY2FhLTExZTYtOGY4OC0zNDM2M2JjN2M0YzAiOnsiY3JlYXRlIjo2MDAwMDAwMDAwMDAsImRlbGV0ZSI6NjAwMDAwMDAwMDAwfSwic2NoZW1hX3ZlcnNpb24iOiIxIn0=",
          "depends_on": [
            "aws_vpc.main"
          ]
        }
      ]
    },
    {
      "module": "module.my_vpc",
      "mode": "managed",
      "type": "aws_vpc",
      "name": "main",
      "provider": "provider.aws",
      "instances": [
        {
          "schema_version": 1,
          "attributes": {
            "arn": "arn:aws:ec2:us-west-1:506584261757:vpc/vpc-0ffbb992db9aaba17",
            "assign_generated_ipv6_cidr_block": false,
            "cidr_block": "10.0.0.0/16",
            "default_network_acl_id": "acl-0a17624c83da5599d",
            "default_route_table_id": "rtb-0ee8c89d297af3e7a",
            "default_security_group_id": "sg-0a832926865f97f84",
            "dhcp_options_id": "dopt-a42b01c3",
            "enable_classiclink": false,
            "enable_classiclink_dns_support": false,
            "enable_dns_hostnames": true,
            "enable_dns_support": true,
            "id": "vpc-0ffbb992db9aaba17",
            "instance_tenancy": "default",
            "ipv6_association_id": "",
            "ipv6_cidr_block": "",
            "main_route_table_id": "rtb-0ee8c89d297af3e7a",
            "owner_id": "506584261757",
            "tags": {
              "Name": "example-vpc"
            }
          },
          "private": "eyJzY2hlbWFfdmVyc2lvbiI6IjEifQ=="
        }
      ]
    }
  ]
}
